// !$*UTF8*$!
{
	archiveVersion = 1;
	classes = {
	};
	objectVersion = 48;
	objects = {

/* Begin PBXBuildFile section */
		80063DB51FC8022A0093D143 /* AppDelegate.swift in Sources */ = {isa = PBXBuildFile; fileRef = 80063DB41FC8022A0093D143 /* AppDelegate.swift */; };
		80063DB71FC8022A0093D143 /* ViewController.swift in Sources */ = {isa = PBXBuildFile; fileRef = 80063DB61FC8022A0093D143 /* ViewController.swift */; };
		80063DBA1FC8022A0093D143 /* Main.storyboard in Resources */ = {isa = PBXBuildFile; fileRef = 80063DB81FC8022A0093D143 /* Main.storyboard */; };
		80063DBC1FC8022A0093D143 /* Assets.xcassets in Resources */ = {isa = PBXBuildFile; fileRef = 80063DBB1FC8022A0093D143 /* Assets.xcassets */; };
		80063DBF1FC8022A0093D143 /* LaunchScreen.storyboard in Resources */ = {isa = PBXBuildFile; fileRef = 80063DBD1FC8022A0093D143 /* LaunchScreen.storyboard */; };
		80063DC71FC81D860093D143 /* TerserahViewController.swift in Sources */ = {isa = PBXBuildFile; fileRef = 80063DC61FC81D860093D143 /* TerserahViewController.swift */; };
/* End PBXBuildFile section */

/* Begin PBXFileReference section */
		80063DB11FC8022A0093D143 /* AlertDialog.app */ = {isa = PBXFileReference; explicitFileType = wrapper.application; includeInIndex = 0; path = AlertDialog.app; sourceTree = BUILT_PRODUCTS_DIR; };
		80063DB41FC8022A0093D143 /* AppDelegate.swift */ = {isa = PBXFileReference; lastKnownFileType = sourcecode.swift; path = AppDelegate.swift; sourceTree = "<group>"; };
		80063DB61FC8022A0093D143 /* ViewController.swift */ = {isa = PBXFileReference; lastKnownFileType = sourcecode.swift; path = ViewController.swift; sourceTree = "<group>"; };
		80063DB91FC8022A0093D143 /* Base */ = {isa = PBXFileReference; lastKnownFileType = file.storyboard; name = Base; path = Base.lproj/Main.storyboard; sourceTree = "<group>"; };
		80063DBB1FC8022A0093D143 /* Assets.xcassets */ = {isa = PBXFileReference; lastKnownFileType = folder.assetcatalog; path = Assets.xcassets; sourceTree = "<group>"; };
		80063DBE1FC8022A0093D143 /* Base */ = {isa = PBXFileReference; lastKnownFileType = file.storyboard; name = Base; path = Base.lproj/LaunchScreen.storyboard; sourceTree = "<group>"; };
		80063DC01FC8022A0093D143 /* Info.plist */ = {isa = PBXFileReference; lastKnownFileType = text.plist.xml; path = Info.plist; sourceTree = "<group>"; };
		80063DC61FC81D860093D143 /* TerserahViewController.swift */ = {isa = PBXFileReference; lastKnownFileType = sourcecode.swift; path = TerserahViewController.swift; sourceTree = "<group>"; };
/* End PBXFileReference section */

/* Begin PBXFrameworksBuildPhase section */
		80063DAE1FC8022A0093D143 /* Frameworks */ = {
			isa = PBXFrameworksBuildPhase;
			buildActionMask = 2147483647;
			files = (
			);
			runOnlyForDeploymentPostprocessing = 0;
		};
/* End PBXFrameworksBuildPhase section */

/* Begin PBXGroup section */
		80063DA81FC8022A0093D143 = {
			isa = PBXGroup;
			children = (
				80063DB31FC8022A0093D143 /* AlertDialog */,
				80063DB21FC8022A0093D143 /* Products */,
			);
			sourceTree = "<group>";
		};
		80063DB21FC8022A0093D143 /* Products */ = {
			isa = PBXGroup;
			children = (
				80063DB11FC8022A0093D143 /* AlertDialog.app */,
			);
			name = Products;
			sourceTree = "<group>";
		};
		80063DB31FC8022A0093D143 /* AlertDialog */ = {
			isa = PBXGroup;
			children = (
				80063DB41FC8022A0093D143 /* AppDelegate.swift */,
				80063DB61FC8022A0093D143 /* ViewController.swift */,
				80063DB81FC8022A0093D143 /* Main.storyboard */,
				80063DC61FC81D860093D143 /* TerserahViewController.swift */,
				80063DBB1FC8022A0093D143 /* Assets.xcassets */,
				80063DBD1FC8022A0093D143 /* LaunchScreen.storyboard */,
				80063DC01FC8022A0093D143 /* Info.plist */,
			);
			path = AlertDialog;
			sourceTree = "<group>";
		};
/* End PBXGroup section */

/* Begin PBXNativeTarget section */
		80063DB01FC8022A0093D143 /* AlertDialog */ = {
			isa = PBXNativeTarget;
			buildConfigurationList = 80063DC31FC8022A0093D143 /* Build configuration list for PBXNativeTarget "AlertDialog" */;
			buildPhases = (
				80063DAD1FC8022A0093D143 /* Sources */,
				80063DAE1FC8022A0093D143 /* Frameworks */,
				80063DAF1FC8022A0093D143 /* Resources */,
			);
			buildRules = (
			);
			dependencies = (
			);
			name = AlertDialog;
			productName = AlertDialog;
			productReference = 80063DB11FC8022A0093D143 /* AlertDialog.app */;
			productType = "com.apple.product-type.application";
		};
/* End PBXNativeTarget section */

/* Begin PBXProject section */
		80063DA91FC8022A0093D143 /* Project object */ = {
			isa = PBXProject;
			attributes = {
				LastSwiftUpdateCheck = 0900;
				LastUpgradeCheck = 0900;
				ORGANIZATIONNAME = M.F.T;
				TargetAttributes = {
					80063DB01FC8022A0093D143 = {
						CreatedOnToolsVersion = 9.0.1;
						ProvisioningStyle = Automatic;
					};
				};
			};
			buildConfigurationList = 80063DAC1FC8022A0093D143 /* Build configuration list for PBXProject "AlertDialog" */;
			compatibilityVersion = "Xcode 8.0";
			developmentRegion = en;
			hasScannedForEncodings = 0;
			knownRegions = (
				en,
				Base,
			);
			mainGroup = 80063DA81FC8022A0093D143;
			productRefGroup = 80063DB21FC8022A0093D143 /* Products */;
			projectDirPath = "";
			projectRoot = "";
			targets = (
				80063DB01FC8022A0093D143 /* AlertDialog */,
			);
		};
/* End PBXProject section */

/* Begin PBXResourcesBuildPhase section */
		80063DAF1FC8022A0093D143 /* Resources */ = {
			isa = PBXResourcesBuildPhase;
			buildActionMask = 2147483647;
			files = (
				80063DBF1FC8022A0093D143 /* LaunchScreen.storyboard in Resources */,
				80063DBC1FC8022A0093D143 /* Assets.xcassets in Resources */,
				80063DBA1FC8022A0093D143 /* Main.storyboard in Resources */,
			);
			runOnlyForDeploymentPostprocessing = 0;
		};
/* End PBXResourcesBuildPhase section */

/* Begin PBXSourcesBuildPhase section */
		80063DAD1FC8022A0093D143 /* Sources */ = {
			isa = PBXSourcesBuildPhase;
			buildActionMask = 2147483647;
			files = (
				80063DB71FC8022A0093D143 /* ViewController.swift in Sources */,
				80063DC71FC81D860093D143 /* TerserahViewController.swift in Sources */,
				80063DB51FC8022A0093D143 /* AppDelegate.swift in Sources */,
			);
			runOnlyForDeploymentPostprocessing = 0;
		};
/* End PBXSourcesBuildPhase section */

/* Begin PBXVariantGroup section */
		80063DB81FC8022A0093D143 /* Main.storyboard */ = {
			isa = PBXVariantGroup;
			children = (
				80063DB91FC8022A0093D143 /* Base */,
			);
			name = Main.storyboard;
			sourceTree = "<group>";
		};
		80063DBD1FC8022A0093D143 /* LaunchScreen.storyboard */ = {
			isa = PBXVariantGroup;
			children = (
				80063DBE1FC8022A0093D143 /* Base */,
			);
			name = LaunchScreen.storyboard;
			sourceTree = "<group>";
		};
/* End PBXVariantGroup section */

/* Begin XCBuildConfiguration section */
		80063DC11FC8022A0093D143 /* Debug */ = {
			isa = XCBuildConfiguration;
			buildSettings = {
				ALWAYS_SEARCH_USER_PATHS = NO;
				CLANG_ANALYZER_NONNULL = YES;
				CLANG_ANALYZER_NUMBER_OBJECT_CONVERSION = YES_AGGRESSIVE;
				CLANG_CXX_LANGUAGE_STANDARD = "gnu++14";
				CLANG_CXX_LIBRARY = "libc++";
				CLANG_ENABLE_MODULES = YES;
				CLANG_ENABLE_OBJC_ARC = YES;
				CLANG_WARN_BLOCK_CAPTURE_AUTORELEASING = YES;
				CLANG_WARN_BOOL_CONVERSION = YES;
				CLANG_WARN_COMMA = YES;
				CLANG_WARN_CONSTANT_CONVERSION = YES;
				CLANG_WARN_DIRECT_OBJC_ISA_USAGE = YES_ERROR;
				CLANG_WARN_DOCUMENTATION_COMMENTS = YES;
				CLANG_WARN_EMPTY_BODY = YES;
				CLANG_WARN_ENUM_CONVERSION = YES;
				CLANG_WARN_INFINITE_RECURSION = YES;
				CLANG_WARN_INT_CONVERSION = YES;
				CLANG_WARN_NON_LITERAL_NULL_CONVERSION = YES;
				CLANG_WARN_OBJC_LITERAL_CONVERSION = YES;
				CLANG_WARN_OBJC_ROOT_CLASS = YES_ERROR;
				CLANG_WARN_RANGE_LOOP_ANALYSIS = YES;
				CLANG_WARN_STRICT_PROTOTYPES = YES;
				CLANG_WARN_SUSPICIOUS_MOVE = YES;
				CLANG_WARN_UNGUARDED_AVAILABILITY = YES_AGGRESSIVE;
				CLANG_WARN_UNREACHABLE_CODE = YES;
				CLANG_WARN__DUPLICATE_METHOD_MATCH = YES;
				CODE_SIGN_IDENTITY = "iPhone Developer";
				COPY_PHASE_STRIP = NO;
				DEBUG_INFORMATION_FORMAT = dwarf;
				ENABLE_STRICT_OBJC_MSGSEND = YES;
				ENABLE_TESTABILITY = YES;
				GCC_C_LANGUAGE_STANDARD = gnu11;
				GCC_DYNAMIC_NO_PIC = NO;
				GCC_NO_COMMON_BLOCKS = YES;
				GCC_OPTIMIZATION_LEVEL = 0;
				GCC_PREPROCESSOR_DEFINITIONS = (
					"DEBUG=1",
					"$(inherited)",
				);
				GCC_WARN_64_TO_32_BIT_CONVERSION = YES;
				GCC_WARN_ABOUT_RETURN_TYPE = YES_ERROR;
				GCC_WARN_UNDECLARED_SELECTOR = YES;
				GCC_WARN_UNINITIALIZED_AUTOS = YES_AGGRESSIVE;
				GCC_WARN_UNUSED_FUNCTION = YES;
				GCC_WARN_UNUSED_VARIABLE = YES;
				IPHONEOS_DEPLOYMENT_TARGET = 11.0;
				MTL_ENABLE_DEBUG_INFO = YES;
				ONLY_ACTIVE_ARCH = YES;
				SDKROOT = iphoneos;
				SWIFT_ACTIVE_COMPILATION_CONDITIONS = DEBUG;
				SWIFT_OPTIMIZATION_LEVEL = "-Onone";
			};
			name = Debug;
		};
		80063DC21FC8022A0093D143 /* Release */ = {
			isa = XCBuildConfiguration;
			buildSettings = {
				ALWAYS_SEARCH_USER_PATHS = NO;
				CLANG_ANALYZER_NONNULL = YES;
				CLANG_ANALYZER_NUMBER_OBJECT_CONVERSION = YES_AGGRESSIVE;
				CLANG_CXX_LANGUAGE_STANDARD = "gnu++14";
				CLANG_CXX_LIBRARY = "libc++";
				CLANG_ENABLE_MODULES = YES;
				CLANG_ENABLE_OBJC_ARC = YES;
				CLANG_WARN_BLOCK_CAPTURE_AUTORELEASING = YES;
				CLANG_WARN_BOOL_CONVERSION = YES;
				CLANG_WARN_COMMA = YES;
				CLANG_WARN_CONSTANT_CONVERSION = YES;
				CLANG_WARN_DIRECT_OBJC_ISA_USAGE = YES_ERROR;
				CLANG_WARN_DOCUMENTATION_COMMENTS = YES;
				CLANG_WARN_EMPTY_BODY = YES;
				CLANG_WARN_ENUM_CONVERSION = YES;
				CLANG_WARN_INFINITE_RECURSION = YES;
				CLANG_WARN_INT_CONVERSION = YES;
				CLANG_WARN_NON_LITERAL_NULL_CONVERSION = YES;
				CLANG_WARN_OBJC_LITERAL_CONVERSION = YES;
				CLANG_WARN_OBJC_ROOT_CLASS = YES_ERROR;
				CLANG_WARN_RANGE_LOOP_ANALYSIS = YES;
				CLANG_WARN_STRICT_PROTOTYPES = YES;
				CLANG_WARN_SUSPICIOUS_MOVE = YES;
				CLANG_WARN_UNGUARDED_AVAILABILITY = YES_AGGRESSIVE;
				CLANG_WARN_UNREACHABLE_CODE = YES;
				CLANG_WARN__DUPLICATE_METHOD_MATCH = YES;
				CODE_SIGN_IDENTITY = "iPhone Developer";
				COPY_PHASE_STRIP = NO;
				DEBUG_INFORMATION_FORMAT = "dwarf-with-dsym";
				ENABLE_NS_ASSERTIONS = NO;
				ENABLE_STRICT_OBJC_MSGSEND = YES;
				GCC_C_LANGUAGE_STANDARD = gnu11;
				GCC_NO_COMMON_BLOCKS = YES;
				GCC_WARN_64_TO_32_BIT_CONVERSION = YES;
				GCC_WARN_ABOUT_RETURN_TYPE = YES_ERROR;
				GCC_WARN_UNDECLARED_SELECTOR = YES;
				GCC_WARN_UNINITIALIZED_AUTOS = YES_AGGRESSIVE;
				GCC_WARN_UNUSED_FUNCTION = YES;
				GCC_WARN_UNUSED_VARIABLE = YES;
				IPHONEOS_DEPLOYMENT_TARGET = 11.0;
				MTL_ENABLE_DEBUG_INFO = NO;
				SDKROOT = iphoneos;
				SWIFT_OPTIMIZATION_LEVEL = "-Owholemodule";
				VALIDATE_PRODUCT = YES;
			};
			name = Release;
		};
		80063DC41FC8022A0093D143 /* Debug */ = {
			isa = XCBuildConfiguration;
			buildSettings = {
				ASSETCATALOG_COMPILER_APPICON_NAME = AppIcon;
				CODE_SIGN_STYLE = Automatic;
				INFOPLIST_FILE = AlertDialog/Info.plist;
				LD_RUNPATH_SEARCH_PATHS = "$(inherited) @executable_path/Frameworks";
				PRODUCT_BUNDLE_IDENTIFIER = "RPL-1-fauzan.AlertDialog";
				PRODUCT_NAME = "$(TARGET_NAME)";
				SWIFT_VERSION = 4.0;
				TARGETED_DEVICE_FAMILY = "1,2";
			};
			name = Debug;
		};
		80063DC51FC8022A0093D143 /* Release */ = {
			isa = XCBuildConfiguration;
			buildSettings = {
				ASSETCATALOG_COMPILER_APPICON_NAME = AppIcon;
				CODE_SIGN_STYLE = Automatic;
				INFOPLIST_FILE = AlertDialog/Info.plist;
				LD_RUNPATH_SEARCH_PATHS = "$(inherited) @executable_path/Frameworks";
				PRODUCT_BUNDLE_IDENTIFIER = "RPL-1-fauzan.AlertDialog";
				PRODUCT_NAME = "$(TARGET_NAME)";
				SWIFT_VERSION = 4.0;
				TARGETED_DEVICE_FAMILY = "1,2";
			};
			name = Release;
		};
/* End XCBuildConfiguration section */

/* Begin XCConfigurationList section */
		80063DAC1FC8022A0093D143 /* Build configuration list for PBXProject "AlertDialog" */ = {
			isa = XCConfigurationList;
			buildConfigurations = (
				80063DC11FC8022A0093D143 /* Debug */,
				80063DC21FC8022A0093D143 /* Release */,
			);
			defaultConfigurationIsVisible = 0;
			defaultConfigurationName = Release;
		};
		80063DC31FC8022A0093D143 /* Build configuration list for PBXNativeTarget "AlertDialog" */ = {
			isa = XCConfigurationList;
			buildConfigurations = (
				80063DC41FC8022A0093D143 /* Debug */,
				80063DC51FC8022A0093D143 /* Release */,
			);
			defaultConfigurationIsVisible = 0;
			defaultConfigurationName = Release;
		};
/* End XCConfigurationList section */
	};
	rootObject = 80063DA91FC8022A0093D143 /* Project object */;
}
